
Microsoft Visual Studio Solution File, Format Version 12.00
# Visual Studio Version 16
VisualStudioVersion = 16.0.30611.23
MinimumVisualStudioVersion = 10.0.40219.1
Project("{FAE04EC0-301F-11D3-BF4B-00C04F79EFBC}") = "ngrokTerminalCommands", "ngrokTerminalCommands\ngrokTerminalCommands.csproj", "{829002C8-9D92-4CFA-A718-51B40714F35F}"
EndProject
Global
	GlobalSection(SolutionConfigurationPlatforms) = preSolution
		Debug|Any CPU = Debug|Any CPU
		Release|Any CPU = Release|Any CPU
	EndGlobalSection
	GlobalSection(ProjectConfigurationPlatforms) = postSolution
		{829002C8-9D92-4CFA-A718-51B40714F35F}.Debug|Any CPU.ActiveCfg = Debug|Any CPU
		{829002C8-9D92-4CFA-A718-51B40714F35F}.Debug|Any CPU.Build.0 = Debug|Any CPU
		{829002C8-9D92-4CFA-A718-51B40714F35F}.Release|Any CPU.ActiveCfg = Release|Any CPU
		{829002C8-9D92-4CFA-A718-51B40714F35F}.Release|Any CPU.Build.0 = Release|Any CPU
	EndGlobalSection
	GlobalSection(SolutionProperties) = preSolution
		HideSolutionNode = FALSE
	EndGlobalSection
	GlobalSection(ExtensibilityGlobals) = postSolution
		SolutionGuid = {4A3FDE06-5812-4A97-A863-8F615ADA29AF}
	EndGlobalSection
EndGlobal
